
Microsoft Visual Studio Solution File, Format Version 12.00
# Visual Studio 15
Project("{FAE04EC0-301F-11D3-BF4B-00C04F79EFBC}") = "cardscanner.iOS", "cardscanner.iOS\cardscanner.iOS.csproj", "{E449DA31-57DE-46B3-952E-341110F8AF7E}"
EndProject
Project("{FAE04EC0-301F-11D3-BF4B-00C04F79EFBC}") = "cardscanner", "cardscanner\cardscanner.csproj", "{4D71CC5E-3DE9-46C8-B99E-BC8AF9621FEF}"
EndProject
Global
	GlobalSection(SolutionConfigurationPlatforms) = preSolution
		Debug|iPhoneSimulator = Debug|iPhoneSimulator
		Release|iPhoneSimulator = Release|iPhoneSimulator
		Debug|iPhone = Debug|iPhone
		Release|iPhone = Release|iPhone
		Ad-Hoc|iPhone = Ad-Hoc|iPhone
		AppStore|iPhone = AppStore|iPhone
		Debug|Any CPU = Debug|Any CPU
		Release|Any CPU = Release|Any CPU
	EndGlobalSection
	GlobalSection(ProjectConfigurationPlatforms) = postSolution
		{E449DA31-57DE-46B3-952E-341110F8AF7E}.Debug|iPhoneSimulator.ActiveCfg = Debug|iPhoneSimulator
		{E449DA31-57DE-46B3-952E-341110F8AF7E}.Debug|iPhoneSimulator.Build.0 = Debug|iPhoneSimulator
		{E449DA31-57DE-46B3-952E-341110F8AF7E}.Release|iPhoneSimulator.ActiveCfg = Release|iPhoneSimulator
		{E449DA31-57DE-46B3-952E-341110F8AF7E}.Release|iPhoneSimulator.Build.0 = Release|iPhoneSimulator
		{E449DA31-57DE-46B3-952E-341110F8AF7E}.Debug|iPhone.ActiveCfg = Debug|iPhone
		{E449DA31-57DE-46B3-952E-341110F8AF7E}.Debug|iPhone.Build.0 = Debug|iPhone
		{E449DA31-57DE-46B3-952E-341110F8AF7E}.Release|iPhone.ActiveCfg = Release|iPhone
		{E449DA31-57DE-46B3-952E-341110F8AF7E}.Release|iPhone.Build.0 = Release|iPhone
		{E449DA31-57DE-46B3-952E-341110F8AF7E}.Ad-Hoc|iPhone.ActiveCfg = Ad-Hoc|iPhone
		{E449DA31-57DE-46B3-952E-341110F8AF7E}.Ad-Hoc|iPhone.Build.0 = Ad-Hoc|iPhone
		{E449DA31-57DE-46B3-952E-341110F8AF7E}.AppStore|iPhone.ActiveCfg = AppStore|iPhone
		{E449DA31-57DE-46B3-952E-341110F8AF7E}.AppStore|iPhone.Build.0 = AppStore|iPhone
		{E449DA31-57DE-46B3-952E-341110F8AF7E}.Debug|Any CPU.ActiveCfg = Debug|iPhoneSimulator
		{E449DA31-57DE-46B3-952E-341110F8AF7E}.Debug|Any CPU.Build.0 = Debug|iPhoneSimulator
		{E449DA31-57DE-46B3-952E-341110F8AF7E}.Release|Any CPU.ActiveCfg = Release|iPhoneSimulator
		{E449DA31-57DE-46B3-952E-341110F8AF7E}.Release|Any CPU.Build.0 = Release|iPhoneSimulator
		{4D71CC5E-3DE9-46C8-B99E-BC8AF9621FEF}.Debug|iPhoneSimulator.ActiveCfg = Debug|Any CPU
		{4D71CC5E-3DE9-46C8-B99E-BC8AF9621FEF}.Debug|iPhoneSimulator.Build.0 = Debug|Any CPU
		{4D71CC5E-3DE9-46C8-B99E-BC8AF9621FEF}.Release|iPhoneSimulator.ActiveCfg = Release|Any CPU
		{4D71CC5E-3DE9-46C8-B99E-BC8AF9621FEF}.Release|iPhoneSimulator.Build.0 = Release|Any CPU
		{4D71CC5E-3DE9-46C8-B99E-BC8AF9621FEF}.Debug|iPhone.ActiveCfg = Debug|Any CPU
		{4D71CC5E-3DE9-46C8-B99E-BC8AF9621FEF}.Debug|iPhone.Build.0 = Debug|Any CPU
		{4D71CC5E-3DE9-46C8-B99E-BC8AF9621FEF}.Release|iPhone.ActiveCfg = Release|Any CPU
		{4D71CC5E-3DE9-46C8-B99E-BC8AF9621FEF}.Release|iPhone.Build.0 = Release|Any CPU
		{4D71CC5E-3DE9-46C8-B99E-BC8AF9621FEF}.Ad-Hoc|iPhone.ActiveCfg = Release|Any CPU
		{4D71CC5E-3DE9-46C8-B99E-BC8AF9621FEF}.Ad-Hoc|iPhone.Build.0 = Release|Any CPU
		{4D71CC5E-3DE9-46C8-B99E-BC8AF9621FEF}.AppStore|iPhone.ActiveCfg = Release|Any CPU
		{4D71CC5E-3DE9-46C8-B99E-BC8AF9621FEF}.AppStore|iPhone.Build.0 = Release|Any CPU
		{4D71CC5E-3DE9-46C8-B99E-BC8AF9621FEF}.Debug|Any CPU.ActiveCfg = Debug|Any CPU
		{4D71CC5E-3DE9-46C8-B99E-BC8AF9621FEF}.Debug|Any CPU.Build.0 = Debug|Any CPU
		{4D71CC5E-3DE9-46C8-B99E-BC8AF9621FEF}.Release|Any CPU.ActiveCfg = Release|Any CPU
		{4D71CC5E-3DE9-46C8-B99E-BC8AF9621FEF}.Release|Any CPU.Build.0 = Release|Any CPU
	EndGlobalSection
EndGlobal
